// !$*UTF8*$!
{
	archiveVersion = 1;
	classes = {
	};
	objectVersion = 55;
	objects = {

/* Begin PBXBuildFile section */
		D825E12D28573AE8003B937D /* SplashViewController.swift in Sources */ = {isa = PBXBuildFile; fileRef = D825E12C28573AE8003B937D /* SplashViewController.swift */; };
		D825E12F28573CD5003B937D /* SplashStoryboard.storyboard in Resources */ = {isa = PBXBuildFile; fileRef = D825E12E28573CD5003B937D /* SplashStoryboard.storyboard */; };
		D83119AC28521E3900A03EE7 /* AppDelegate.swift in Sources */ = {isa = PBXBuildFile; fileRef = D83119AB28521E3900A03EE7 /* AppDelegate.swift */; };
		D83119AE28521E3900A03EE7 /* SceneDelegate.swift in Sources */ = {isa = PBXBuildFile; fileRef = D83119AD28521E3900A03EE7 /* SceneDelegate.swift */; };
		D83119B028521E3900A03EE7 /* ViewController.swift in Sources */ = {isa = PBXBuildFile; fileRef = D83119AF28521E3900A03EE7 /* ViewController.swift */; };
		D83119B328521E3900A03EE7 /* Main.storyboard in Resources */ = {isa = PBXBuildFile; fileRef = D83119B128521E3900A03EE7 /* Main.storyboard */; };
		D83119B528521E3C00A03EE7 /* Assets.xcassets in Resources */ = {isa = PBXBuildFile; fileRef = D83119B428521E3C00A03EE7 /* Assets.xcassets */; };
		D83119B828521E3C00A03EE7 /* LaunchScreen.storyboard in Resources */ = {isa = PBXBuildFile; fileRef = D83119B628521E3C00A03EE7 /* LaunchScreen.storyboard */; };
/* End PBXBuildFile section */

/* Begin PBXFileReference section */
		D825E12C28573AE8003B937D /* SplashViewController.swift */ = {isa = PBXFileReference; lastKnownFileType = sourcecode.swift; path = SplashViewController.swift; sourceTree = "<group>"; };
		D825E12E28573CD5003B937D /* SplashStoryboard.storyboard */ = {isa = PBXFileReference; lastKnownFileType = file.storyboard; path = SplashStoryboard.storyboard; sourceTree = "<group>"; };
		D83119A828521E3900A03EE7 /* WakFanApp.app */ = {isa = PBXFileReference; explicitFileType = wrapper.application; includeInIndex = 0; path = WakFanApp.app; sourceTree = BUILT_PRODUCTS_DIR; };
		D83119AB28521E3900A03EE7 /* AppDelegate.swift */ = {isa = PBXFileReference; lastKnownFileType = sourcecode.swift; path = AppDelegate.swift; sourceTree = "<group>"; };
		D83119AD28521E3900A03EE7 /* SceneDelegate.swift */ = {isa = PBXFileReference; lastKnownFileType = sourcecode.swift; path = SceneDelegate.swift; sourceTree = "<group>"; };
		D83119AF28521E3900A03EE7 /* ViewController.swift */ = {isa = PBXFileReference; lastKnownFileType = sourcecode.swift; path = ViewController.swift; sourceTree = "<group>"; };
		D83119B228521E3900A03EE7 /* Base */ = {isa = PBXFileReference; lastKnownFileType = file.storyboard; name = Base; path = Base.lproj/Main.storyboard; sourceTree = "<group>"; };
		D83119B428521E3C00A03EE7 /* Assets.xcassets */ = {isa = PBXFileReference; lastKnownFileType = folder.assetcatalog; path = Assets.xcassets; sourceTree = "<group>"; };
		D83119B728521E3C00A03EE7 /* Base */ = {isa = PBXFileReference; lastKnownFileType = file.storyboard; name = Base; path = Base.lproj/LaunchScreen.storyboard; sourceTree = "<group>"; };
		D83119B928521E3C00A03EE7 /* Info.plist */ = {isa = PBXFileReference; lastKnownFileType = text.plist.xml; path = Info.plist; sourceTree = "<group>"; };
/* End PBXFileReference section */

/* Begin PBXFrameworksBuildPhase section */
		D83119A528521E3900A03EE7 /* Frameworks */ = {
			isa = PBXFrameworksBuildPhase;
			buildActionMask = 2147483647;
			files = (
			);
			runOnlyForDeploymentPostprocessing = 0;
		};
/* End PBXFrameworksBuildPhase section */

/* Begin PBXGroup section */
		D825E12928573A98003B937D /* Splash */ = {
			isa = PBXGroup;
			children = (
				D825E12E28573CD5003B937D /* SplashStoryboard.storyboard */,
				D825E12C28573AE8003B937D /* SplashViewController.swift */,
			);
			path = Splash;
			sourceTree = "<group>";
		};
		D831199F28521E3900A03EE7 = {
			isa = PBXGroup;
			children = (
				D83119AA28521E3900A03EE7 /* WakFanApp */,
				D83119A928521E3900A03EE7 /* Products */,
			);
			sourceTree = "<group>";
		};
		D83119A928521E3900A03EE7 /* Products */ = {
			isa = PBXGroup;
			children = (
				D83119A828521E3900A03EE7 /* WakFanApp.app */,
			);
			name = Products;
			sourceTree = "<group>";
		};
		D83119AA28521E3900A03EE7 /* WakFanApp */ = {
			isa = PBXGroup;
			children = (
				D825E12928573A98003B937D /* Splash */,
				D83119AB28521E3900A03EE7 /* AppDelegate.swift */,
				D83119AD28521E3900A03EE7 /* SceneDelegate.swift */,
				D83119AF28521E3900A03EE7 /* ViewController.swift */,
				D83119B128521E3900A03EE7 /* Main.storyboard */,
				D83119B428521E3C00A03EE7 /* Assets.xcassets */,
				D83119B628521E3C00A03EE7 /* LaunchScreen.storyboard */,
				D83119B928521E3C00A03EE7 /* Info.plist */,
			);
			path = WakFanApp;
			sourceTree = "<group>";
		};
/* End PBXGroup section */

/* Begin PBXNativeTarget section */
		D83119A728521E3900A03EE7 /* WakFanApp */ = {
			isa = PBXNativeTarget;
			buildConfigurationList = D83119BC28521E3C00A03EE7 /* Build configuration list for PBXNativeTarget "WakFanApp" */;
			buildPhases = (
				D83119A428521E3900A03EE7 /* Sources */,
				D83119A528521E3900A03EE7 /* Frameworks */,
				D83119A628521E3900A03EE7 /* Resources */,
			);
			buildRules = (
			);
			dependencies = (
			);
			name = WakFanApp;
			productName = WakFanApp;
			productReference = D83119A828521E3900A03EE7 /* WakFanApp.app */;
			productType = "com.apple.product-type.application";
		};
/* End PBXNativeTarget section */

/* Begin PBXProject section */
		D83119A028521E3900A03EE7 /* Project object */ = {
			isa = PBXProject;
			attributes = {
				BuildIndependentTargetsInParallel = 1;
				LastSwiftUpdateCheck = 1330;
				LastUpgradeCheck = 1330;
				TargetAttributes = {
					D83119A728521E3900A03EE7 = {
						CreatedOnToolsVersion = 13.3;
					};
				};
			};
			buildConfigurationList = D83119A328521E3900A03EE7 /* Build configuration list for PBXProject "WakFanApp" */;
			compatibilityVersion = "Xcode 13.0";
			developmentRegion = en;
			hasScannedForEncodings = 0;
			knownRegions = (
				en,
				Base,
			);
			mainGroup = D831199F28521E3900A03EE7;
			productRefGroup = D83119A928521E3900A03EE7 /* Products */;
			projectDirPath = "";
			projectRoot = "";
			targets = (
				D83119A728521E3900A03EE7 /* WakFanApp */,
			);
		};
/* End PBXProject section */

/* Begin PBXResourcesBuildPhase section */
		D83119A628521E3900A03EE7 /* Resources */ = {
			isa = PBXResourcesBuildPhase;
			buildActionMask = 2147483647;
			files = (
				D83119B828521E3C00A03EE7 /* LaunchScreen.storyboard in Resources */,
				D83119B528521E3C00A03EE7 /* Assets.xcassets in Resources */,
				D825E12F28573CD5003B937D /* SplashStoryboard.storyboard in Resources */,
				D83119B328521E3900A03EE7 /* Main.storyboard in Resources */,
			);
			runOnlyForDeploymentPostprocessing = 0;
		};
/* End PBXResourcesBuildPhase section */

/* Begin PBXSourcesBuildPhase section */
		D83119A428521E3900A03EE7 /* Sources */ = {
			isa = PBXSourcesBuildPhase;
			buildActionMask = 2147483647;
			files = (
				D83119B028521E3900A03EE7 /* ViewController.swift in Sources */,
				D83119AC28521E3900A03EE7 /* AppDelegate.swift in Sources */,
				D83119AE28521E3900A03EE7 /* SceneDelegate.swift in Sources */,
				D825E12D28573AE8003B937D /* SplashViewController.swift in Sources */,
			);
			runOnlyForDeploymentPostprocessing = 0;
		};
/* End PBXSourcesBuildPhase section */

/* Begin PBXVariantGroup section */
		D83119B128521E3900A03EE7 /* Main.storyboard */ = {
			isa = PBXVariantGroup;
			children = (
				D83119B228521E3900A03EE7 /* Base */,
			);
			name = Main.storyboard;
			sourceTree = "<group>";
		};
		D83119B628521E3C00A03EE7 /* LaunchScreen.storyboard */ = {
			isa = PBXVariantGroup;
			children = (
				D83119B728521E3C00A03EE7 /* Base */,
			);
			name = LaunchScreen.storyboard;
			sourceTree = "<group>";
		};
/* End PBXVariantGroup section */

/* Begin XCBuildConfiguration section */
		D83119BA28521E3C00A03EE7 /* Debug */ = {
			isa = XCBuildConfiguration;
			buildSettings = {
				ALWAYS_SEARCH_USER_PATHS = NO;
				CLANG_ANALYZER_NONNULL = YES;
				CLANG_ANALYZER_NUMBER_OBJECT_CONVERSION = YES_AGGRESSIVE;
				CLANG_CXX_LANGUAGE_STANDARD = "gnu++17";
				CLANG_ENABLE_MODULES = YES;
				CLANG_ENABLE_OBJC_ARC = YES;
				CLANG_ENABLE_OBJC_WEAK = YES;
				CLANG_WARN_BLOCK_CAPTURE_AUTORELEASING = YES;
				CLANG_WARN_BOOL_CONVERSION = YES;
				CLANG_WARN_COMMA = YES;
				CLANG_WARN_CONSTANT_CONVERSION = YES;
				CLANG_WARN_DEPRECATED_OBJC_IMPLEMENTATIONS = YES;
				CLANG_WARN_DIRECT_OBJC_ISA_USAGE = YES_ERROR;
				CLANG_WARN_DOCUMENTATION_COMMENTS = YES;
				CLANG_WARN_EMPTY_BODY = YES;
				CLANG_WARN_ENUM_CONVERSION = YES;
				CLANG_WARN_INFINITE_RECURSION = YES;
				CLANG_WARN_INT_CONVERSION = YES;
				CLANG_WARN_NON_LITERAL_NULL_CONVERSION = YES;
				CLANG_WARN_OBJC_IMPLICIT_RETAIN_SELF = YES;
				CLANG_WARN_OBJC_LITERAL_CONVERSION = YES;
				CLANG_WARN_OBJC_ROOT_CLASS = YES_ERROR;
				CLANG_WARN_QUOTED_INCLUDE_IN_FRAMEWORK_HEADER = YES;
				CLANG_WARN_RANGE_LOOP_ANALYSIS = YES;
				CLANG_WARN_STRICT_PROTOTYPES = YES;
				CLANG_WARN_SUSPICIOUS_MOVE = YES;
				CLANG_WARN_UNGUARDED_AVAILABILITY = YES_AGGRESSIVE;
				CLANG_WARN_UNREACHABLE_CODE = YES;
				CLANG_WARN__DUPLICATE_METHOD_MATCH = YES;
				COPY_PHASE_STRIP = NO;
				DEBUG_INFORMATION_FORMAT = dwarf;
				ENABLE_STRICT_OBJC_MSGSEND = YES;
				ENABLE_TESTABILITY = YES;
				GCC_C_LANGUAGE_STANDARD = gnu11;
				GCC_DYNAMIC_NO_PIC = NO;
				GCC_NO_COMMON_BLOCKS = YES;
				GCC_OPTIMIZATION_LEVEL = 0;
				GCC_PREPROCESSOR_DEFINITIONS = (
					"DEBUG=1",
					"$(inherited)",
				);
				GCC_WARN_64_TO_32_BIT_CONVERSION = YES;
				GCC_WARN_ABOUT_RETURN_TYPE = YES_ERROR;
				GCC_WARN_UNDECLARED_SELECTOR = YES;
				GCC_WARN_UNINITIALIZED_AUTOS = YES_AGGRESSIVE;
				GCC_WARN_UNUSED_FUNCTION = YES;
				GCC_WARN_UNUSED_VARIABLE = YES;
				IPHONEOS_DEPLOYMENT_TARGET = 15.4;
				MTL_ENABLE_DEBUG_INFO = INCLUDE_SOURCE;
				MTL_FAST_MATH = YES;
				ONLY_ACTIVE_ARCH = YES;
				SDKROOT = iphoneos;
				SWIFT_ACTIVE_COMPILATION_CONDITIONS = DEBUG;
				SWIFT_OPTIMIZATION_LEVEL = "-Onone";
			};
			name = Debug;
		};
		D83119BB28521E3C00A03EE7 /* Release */ = {
			isa = XCBuildConfiguration;
			buildSettings = {
				ALWAYS_SEARCH_USER_PATHS = NO;
				CLANG_ANALYZER_NONNULL = YES;
				CLANG_ANALYZER_NUMBER_OBJECT_CONVERSION = YES_AGGRESSIVE;
				CLANG_CXX_LANGUAGE_STANDARD = "gnu++17";
				CLANG_ENABLE_MODULES = YES;
				CLANG_ENABLE_OBJC_ARC = YES;
				CLANG_ENABLE_OBJC_WEAK = YES;
				CLANG_WARN_BLOCK_CAPTURE_AUTORELEASING = YES;
				CLANG_WARN_BOOL_CONVERSION = YES;
				CLANG_WARN_COMMA = YES;
				CLANG_WARN_CONSTANT_CONVERSION = YES;
				CLANG_WARN_DEPRECATED_OBJC_IMPLEMENTATIONS = YES;
				CLANG_WARN_DIRECT_OBJC_ISA_USAGE = YES_ERROR;
				CLANG_WARN_DOCUMENTATION_COMMENTS = YES;
				CLANG_WARN_EMPTY_BODY = YES;
				CLANG_WARN_ENUM_CONVERSION = YES;
				CLANG_WARN_INFINITE_RECURSION = YES;
				CLANG_WARN_INT_CONVERSION = YES;
				CLANG_WARN_NON_LITERAL_NULL_CONVERSION = YES;
				CLANG_WARN_OBJC_IMPLICIT_RETAIN_SELF = YES;
				CLANG_WARN_OBJC_LITERAL_CONVERSION = YES;
				CLANG_WARN_OBJC_ROOT_CLASS = YES_ERROR;
				CLANG_WARN_QUOTED_INCLUDE_IN_FRAMEWORK_HEADER = YES;
				CLANG_WARN_RANGE_LOOP_ANALYSIS = YES;
				CLANG_WARN_STRICT_PROTOTYPES = YES;
				CLANG_WARN_SUSPICIOUS_MOVE = YES;
				CLANG_WARN_UNGUARDED_AVAILABILITY = YES_AGGRESSIVE;
				CLANG_WARN_UNREACHABLE_CODE = YES;
				CLANG_WARN__DUPLICATE_METHOD_MATCH = YES;
				COPY_PHASE_STRIP = NO;
				DEBUG_INFORMATION_FORMAT = "dwarf-with-dsym";
				ENABLE_NS_ASSERTIONS = NO;
				ENABLE_STRICT_OBJC_MSGSEND = YES;
				GCC_C_LANGUAGE_STANDARD = gnu11;
				GCC_NO_COMMON_BLOCKS = YES;
				GCC_WARN_64_TO_32_BIT_CONVERSION = YES;
				GCC_WARN_ABOUT_RETURN_TYPE = YES_ERROR;
				GCC_WARN_UNDECLARED_SELECTOR = YES;
				GCC_WARN_UNINITIALIZED_AUTOS = YES_AGGRESSIVE;
				GCC_WARN_UNUSED_FUNCTION = YES;
				GCC_WARN_UNUSED_VARIABLE = YES;
				IPHONEOS_DEPLOYMENT_TARGET = 15.4;
				MTL_ENABLE_DEBUG_INFO = NO;
				MTL_FAST_MATH = YES;
				SDKROOT = iphoneos;
				SWIFT_COMPILATION_MODE = wholemodule;
				SWIFT_OPTIMIZATION_LEVEL = "-O";
				VALIDATE_PRODUCT = YES;
			};
			name = Release;
		};
		D83119BD28521E3C00A03EE7 /* Debug */ = {
			isa = XCBuildConfiguration;
			buildSettings = {
				ASSETCATALOG_COMPILER_APPICON_NAME = AppIcon;
				ASSETCATALOG_COMPILER_GLOBAL_ACCENT_COLOR_NAME = AccentColor;
				CODE_SIGN_STYLE = Automatic;
				CURRENT_PROJECT_VERSION = 1;
				DEVELOPMENT_TEAM = 69T5P6ASGW;
				GENERATE_INFOPLIST_FILE = YES;
				INFOPLIST_FILE = WakFanApp/Info.plist;
				INFOPLIST_KEY_CFBundleDisplayName = "이셰계아이돌 팬앱";
				INFOPLIST_KEY_UIApplicationSupportsIndirectInputEvents = YES;
				INFOPLIST_KEY_UILaunchStoryboardName = LaunchScreen;
				INFOPLIST_KEY_UIMainStoryboardFile = SplashStoryboard;
				INFOPLIST_KEY_UISupportedInterfaceOrientations_iPad = "UIInterfaceOrientationPortrait UIInterfaceOrientationPortraitUpsideDown UIInterfaceOrientationLandscapeLeft UIInterfaceOrientationLandscapeRight";
				INFOPLIST_KEY_UISupportedInterfaceOrientations_iPhone = "UIInterfaceOrientationPortrait UIInterfaceOrientationLandscapeLeft UIInterfaceOrientationLandscapeRight";
				LD_RUNPATH_SEARCH_PATHS = (
					"$(inherited)",
					"@executable_path/Frameworks",
				);
				MARKETING_VERSION = 1.0;
				PRODUCT_BUNDLE_IDENTIFIER = kr.co.honge.WakFanApp;
				PRODUCT_NAME = "$(TARGET_NAME)";
				SWIFT_EMIT_LOC_STRINGS = YES;
				SWIFT_VERSION = 5.0;
				TARGETED_DEVICE_FAMILY = "1,2";
			};
			name = Debug;
		};
		D83119BE28521E3C00A03EE7 /* Release */ = {
			isa = XCBuildConfiguration;
			buildSettings = {
				ASSETCATALOG_COMPILER_APPICON_NAME = AppIcon;
				ASSETCATALOG_COMPILER_GLOBAL_ACCENT_COLOR_NAME = AccentColor;
				CODE_SIGN_STYLE = Automatic;
				CURRENT_PROJECT_VERSION = 1;
				DEVELOPMENT_TEAM = 69T5P6ASGW;
				GENERATE_INFOPLIST_FILE = YES;
				INFOPLIST_FILE = WakFanApp/Info.plist;
				INFOPLIST_KEY_CFBundleDisplayName = "이셰계아이돌 팬앱";
				INFOPLIST_KEY_UIApplicationSupportsIndirectInputEvents = YES;
				INFOPLIST_KEY_UILaunchStoryboardName = LaunchScreen;
				INFOPLIST_KEY_UIMainStoryboardFile = SplashStoryboard;
				INFOPLIST_KEY_UISupportedInterfaceOrientations_iPad = "UIInterfaceOrientationPortrait UIInterfaceOrientationPortraitUpsideDown UIInterfaceOrientationLandscapeLeft UIInterfaceOrientationLandscapeRight";
				INFOPLIST_KEY_UISupportedInterfaceOrientations_iPhone = "UIInterfaceOrientationPortrait UIInterfaceOrientationLandscapeLeft UIInterfaceOrientationLandscapeRight";
				LD_RUNPATH_SEARCH_PATHS = (
					"$(inherited)",
					"@executable_path/Frameworks",
				);
				MARKETING_VERSION = 1.0;
				PRODUCT_BUNDLE_IDENTIFIER = kr.co.honge.WakFanApp;
				PRODUCT_NAME = "$(TARGET_NAME)";
				SWIFT_EMIT_LOC_STRINGS = YES;
				SWIFT_VERSION = 5.0;
				TARGETED_DEVICE_FAMILY = "1,2";
			};
			name = Release;
		};
/* End XCBuildConfiguration section */

/* Begin XCConfigurationList section */
		D83119A328521E3900A03EE7 /* Build configuration list for PBXProject "WakFanApp" */ = {
			isa = XCConfigurationList;
			buildConfigurations = (
				D83119BA28521E3C00A03EE7 /* Debug */,
				D83119BB28521E3C00A03EE7 /* Release */,
			);
			defaultConfigurationIsVisible = 0;
			defaultConfigurationName = Release;
		};
		D83119BC28521E3C00A03EE7 /* Build configuration list for PBXNativeTarget "WakFanApp" */ = {
			isa = XCConfigurationList;
			buildConfigurations = (
				D83119BD28521E3C00A03EE7 /* Debug */,
				D83119BE28521E3C00A03EE7 /* Release */,
			);
			defaultConfigurationIsVisible = 0;
			defaultConfigurationName = Release;
		};
/* End XCConfigurationList section */
	};
	rootObject = D83119A028521E3900A03EE7 /* Project object */;
}
